
Microsoft Visual Studio Solution File, Format Version 12.00
# Visual Studio 15
VisualStudioVersion = 15.0.27130.2024
MinimumVisualStudioVersion = 10.0.40219.1
Project("{FAE04EC0-301F-11D3-BF4B-00C04F79EFBC}") = "StoreMarket", "StoreMarket\StoreMarket.csproj", "{176DD0AF-0E7A-4D47-8EF3-B66B556B0CF6}"
EndProject
Project("{FAE04EC0-301F-11D3-BF4B-00C04F79EFBC}") = "StoreMarket.Tests", "StoreMarket.Tests\StoreMarket.Tests.csproj", "{A7F4C79D-1884-4D0C-BFA7-ECF3D0328ED6}"
EndProject
Global
	GlobalSection(SolutionConfigurationPlatforms) = preSolution
		Debug|Any CPU = Debug|Any CPU
		Release|Any CPU = Release|Any CPU
	EndGlobalSection
	GlobalSection(ProjectConfigurationPlatforms) = postSolution
		{176DD0AF-0E7A-4D47-8EF3-B66B556B0CF6}.Debug|Any CPU.ActiveCfg = Debug|Any CPU
		{176DD0AF-0E7A-4D47-8EF3-B66B556B0CF6}.Debug|Any CPU.Build.0 = Debug|Any CPU
		{176DD0AF-0E7A-4D47-8EF3-B66B556B0CF6}.Release|Any CPU.ActiveCfg = Release|Any CPU
		{176DD0AF-0E7A-4D47-8EF3-B66B556B0CF6}.Release|Any CPU.Build.0 = Release|Any CPU
		{A7F4C79D-1884-4D0C-BFA7-ECF3D0328ED6}.Debug|Any CPU.ActiveCfg = Debug|Any CPU
		{A7F4C79D-1884-4D0C-BFA7-ECF3D0328ED6}.Debug|Any CPU.Build.0 = Debug|Any CPU
		{A7F4C79D-1884-4D0C-BFA7-ECF3D0328ED6}.Release|Any CPU.ActiveCfg = Release|Any CPU
		{A7F4C79D-1884-4D0C-BFA7-ECF3D0328ED6}.Release|Any CPU.Build.0 = Release|Any CPU
	EndGlobalSection
	GlobalSection(SolutionProperties) = preSolution
		HideSolutionNode = FALSE
	EndGlobalSection
	GlobalSection(ExtensibilityGlobals) = postSolution
		SolutionGuid = {D4EDD7E4-B86F-4629-A72D-AABB51E319A5}
	EndGlobalSection
EndGlobal
